
Microsoft Visual Studio Solution File, Format Version 12.00
# Visual Studio Version 17
VisualStudioVersion = 17.0.31903.59
MinimumVisualStudioVersion = 10.0.40219.1
Project("{FAE04EC0-301F-11D3-BF4B-00C04F79EFBC}") = "Turbo.Contracts", "Turbo.Contracts\Turbo.Contracts.csproj", "{C6F9D090-29F2-4B0E-AED9-4BB2465A1383}"
EndProject
Project("{FAE04EC0-301F-11D3-BF4B-00C04F79EFBC}") = "Turbo.Database", "Turbo.Database\Turbo.Database.csproj", "{1EE0E4A1-557D-4779-A65E-73BBAD110CC2}"
EndProject
Project("{FAE04EC0-301F-11D3-BF4B-00C04F79EFBC}") = "Turbo.Grains", "Turbo.Grains\Turbo.Grains.csproj", "{6BCDFB70-BFCE-4F0D-86AF-1E301CA81C5C}"
EndProject
Project("{FAE04EC0-301F-11D3-BF4B-00C04F79EFBC}") = "Turbo.Main", "Turbo.Main\Turbo.Main.csproj", "{C2FBFECB-92FE-4FBD-8DD0-456DDDB7D859}"
EndProject
Project("{FAE04EC0-301F-11D3-BF4B-00C04F79EFBC}") = "Turbo.Core", "Turbo.Core\Turbo.Core.csproj", "{E6226242-EA39-4E2A-94F5-187BA97F9E83}"
EndProject
Global
	GlobalSection(SolutionConfigurationPlatforms) = preSolution
		Debug|Any CPU = Debug|Any CPU
		Debug|x64 = Debug|x64
		Debug|x86 = Debug|x86
		Release|Any CPU = Release|Any CPU
		Release|x64 = Release|x64
		Release|x86 = Release|x86
	EndGlobalSection
	GlobalSection(ProjectConfigurationPlatforms) = postSolution
		{C6F9D090-29F2-4B0E-AED9-4BB2465A1383}.Debug|Any CPU.ActiveCfg = Debug|Any CPU
		{C6F9D090-29F2-4B0E-AED9-4BB2465A1383}.Debug|Any CPU.Build.0 = Debug|Any CPU
		{C6F9D090-29F2-4B0E-AED9-4BB2465A1383}.Debug|x64.ActiveCfg = Debug|Any CPU
		{C6F9D090-29F2-4B0E-AED9-4BB2465A1383}.Debug|x64.Build.0 = Debug|Any CPU
		{C6F9D090-29F2-4B0E-AED9-4BB2465A1383}.Debug|x86.ActiveCfg = Debug|Any CPU
		{C6F9D090-29F2-4B0E-AED9-4BB2465A1383}.Debug|x86.Build.0 = Debug|Any CPU
		{C6F9D090-29F2-4B0E-AED9-4BB2465A1383}.Release|Any CPU.ActiveCfg = Release|Any CPU
		{C6F9D090-29F2-4B0E-AED9-4BB2465A1383}.Release|Any CPU.Build.0 = Release|Any CPU
		{C6F9D090-29F2-4B0E-AED9-4BB2465A1383}.Release|x64.ActiveCfg = Release|Any CPU
		{C6F9D090-29F2-4B0E-AED9-4BB2465A1383}.Release|x64.Build.0 = Release|Any CPU
		{C6F9D090-29F2-4B0E-AED9-4BB2465A1383}.Release|x86.ActiveCfg = Release|Any CPU
		{C6F9D090-29F2-4B0E-AED9-4BB2465A1383}.Release|x86.Build.0 = Release|Any CPU
		{1EE0E4A1-557D-4779-A65E-73BBAD110CC2}.Debug|Any CPU.ActiveCfg = Debug|Any CPU
		{1EE0E4A1-557D-4779-A65E-73BBAD110CC2}.Debug|Any CPU.Build.0 = Debug|Any CPU
		{1EE0E4A1-557D-4779-A65E-73BBAD110CC2}.Debug|x64.ActiveCfg = Debug|Any CPU
		{1EE0E4A1-557D-4779-A65E-73BBAD110CC2}.Debug|x64.Build.0 = Debug|Any CPU
		{1EE0E4A1-557D-4779-A65E-73BBAD110CC2}.Debug|x86.ActiveCfg = Debug|Any CPU
		{1EE0E4A1-557D-4779-A65E-73BBAD110CC2}.Debug|x86.Build.0 = Debug|Any CPU
		{1EE0E4A1-557D-4779-A65E-73BBAD110CC2}.Release|Any CPU.ActiveCfg = Release|Any CPU
		{1EE0E4A1-557D-4779-A65E-73BBAD110CC2}.Release|Any CPU.Build.0 = Release|Any CPU
		{1EE0E4A1-557D-4779-A65E-73BBAD110CC2}.Release|x64.ActiveCfg = Release|Any CPU
		{1EE0E4A1-557D-4779-A65E-73BBAD110CC2}.Release|x64.Build.0 = Release|Any CPU
		{1EE0E4A1-557D-4779-A65E-73BBAD110CC2}.Release|x86.ActiveCfg = Release|Any CPU
		{1EE0E4A1-557D-4779-A65E-73BBAD110CC2}.Release|x86.Build.0 = Release|Any CPU
		{6BCDFB70-BFCE-4F0D-86AF-1E301CA81C5C}.Debug|Any CPU.ActiveCfg = Debug|Any CPU
		{6BCDFB70-BFCE-4F0D-86AF-1E301CA81C5C}.Debug|Any CPU.Build.0 = Debug|Any CPU
		{6BCDFB70-BFCE-4F0D-86AF-1E301CA81C5C}.Debug|x64.ActiveCfg = Debug|Any CPU
		{6BCDFB70-BFCE-4F0D-86AF-1E301CA81C5C}.Debug|x64.Build.0 = Debug|Any CPU
		{6BCDFB70-BFCE-4F0D-86AF-1E301CA81C5C}.Debug|x86.ActiveCfg = Debug|Any CPU
		{6BCDFB70-BFCE-4F0D-86AF-1E301CA81C5C}.Debug|x86.Build.0 = Debug|Any CPU
		{6BCDFB70-BFCE-4F0D-86AF-1E301CA81C5C}.Release|Any CPU.ActiveCfg = Release|Any CPU
		{6BCDFB70-BFCE-4F0D-86AF-1E301CA81C5C}.Release|Any CPU.Build.0 = Release|Any CPU
		{6BCDFB70-BFCE-4F0D-86AF-1E301CA81C5C}.Release|x64.ActiveCfg = Release|Any CPU
		{6BCDFB70-BFCE-4F0D-86AF-1E301CA81C5C}.Release|x64.Build.0 = Release|Any CPU
		{6BCDFB70-BFCE-4F0D-86AF-1E301CA81C5C}.Release|x86.ActiveCfg = Release|Any CPU
		{6BCDFB70-BFCE-4F0D-86AF-1E301CA81C5C}.Release|x86.Build.0 = Release|Any CPU
		{C2FBFECB-92FE-4FBD-8DD0-456DDDB7D859}.Debug|Any CPU.ActiveCfg = Debug|Any CPU
		{C2FBFECB-92FE-4FBD-8DD0-456DDDB7D859}.Debug|Any CPU.Build.0 = Debug|Any CPU
		{C2FBFECB-92FE-4FBD-8DD0-456DDDB7D859}.Debug|x64.ActiveCfg = Debug|Any CPU
		{C2FBFECB-92FE-4FBD-8DD0-456DDDB7D859}.Debug|x64.Build.0 = Debug|Any CPU
		{C2FBFECB-92FE-4FBD-8DD0-456DDDB7D859}.Debug|x86.ActiveCfg = Debug|Any CPU
		{C2FBFECB-92FE-4FBD-8DD0-456DDDB7D859}.Debug|x86.Build.0 = Debug|Any CPU
		{C2FBFECB-92FE-4FBD-8DD0-456DDDB7D859}.Release|Any CPU.ActiveCfg = Release|Any CPU
		{C2FBFECB-92FE-4FBD-8DD0-456DDDB7D859}.Release|Any CPU.Build.0 = Release|Any CPU
		{C2FBFECB-92FE-4FBD-8DD0-456DDDB7D859}.Release|x64.ActiveCfg = Release|Any CPU
		{C2FBFECB-92FE-4FBD-8DD0-456DDDB7D859}.Release|x64.Build.0 = Release|Any CPU
		{C2FBFECB-92FE-4FBD-8DD0-456DDDB7D859}.Release|x86.ActiveCfg = Release|Any CPU
		{C2FBFECB-92FE-4FBD-8DD0-456DDDB7D859}.Release|x86.Build.0 = Release|Any CPU
		{E6226242-EA39-4E2A-94F5-187BA97F9E83}.Debug|Any CPU.ActiveCfg = Debug|Any CPU
		{E6226242-EA39-4E2A-94F5-187BA97F9E83}.Debug|Any CPU.Build.0 = Debug|Any CPU
		{E6226242-EA39-4E2A-94F5-187BA97F9E83}.Debug|x64.ActiveCfg = Debug|Any CPU
		{E6226242-EA39-4E2A-94F5-187BA97F9E83}.Debug|x64.Build.0 = Debug|Any CPU
		{E6226242-EA39-4E2A-94F5-187BA97F9E83}.Debug|x86.ActiveCfg = Debug|Any CPU
		{E6226242-EA39-4E2A-94F5-187BA97F9E83}.Debug|x86.Build.0 = Debug|Any CPU
		{E6226242-EA39-4E2A-94F5-187BA97F9E83}.Release|Any CPU.ActiveCfg = Release|Any CPU
		{E6226242-EA39-4E2A-94F5-187BA97F9E83}.Release|Any CPU.Build.0 = Release|Any CPU
		{E6226242-EA39-4E2A-94F5-187BA97F9E83}.Release|x64.ActiveCfg = Release|Any CPU
		{E6226242-EA39-4E2A-94F5-187BA97F9E83}.Release|x64.Build.0 = Release|Any CPU
		{E6226242-EA39-4E2A-94F5-187BA97F9E83}.Release|x86.ActiveCfg = Release|Any CPU
		{E6226242-EA39-4E2A-94F5-187BA97F9E83}.Release|x86.Build.0 = Release|Any CPU
	EndGlobalSection
	GlobalSection(SolutionProperties) = preSolution
		HideSolutionNode = FALSE
	EndGlobalSection
EndGlobal
