
Microsoft Visual Studio Solution File, Format Version 12.00
# Visual Studio Version 17
VisualStudioVersion = 17.0.31903.59
MinimumVisualStudioVersion = 10.0.40219.1
Project("{FAE04EC0-301F-11D3-BF4B-00C04F79EFBC}") = "Turbo.Core", "Turbo.Core\Turbo.Core.csproj", "{E6226242-EA39-4E2A-94F5-187BA97F9E83}"
EndProject
Project("{FAE04EC0-301F-11D3-BF4B-00C04F79EFBC}") = "Turbo.Database", "Turbo.Database\Turbo.Database.csproj", "{1EE0E4A1-557D-4779-A65E-73BBAD110CC2}"
EndProject
Project("{FAE04EC0-301F-11D3-BF4B-00C04F79EFBC}") = "Turbo.Events", "Turbo.Events\Turbo.Events.csproj", "{E5060BDA-AD43-4BBE-89BD-6E5F58CFD90B}"
EndProject
Project("{FAE04EC0-301F-11D3-BF4B-00C04F79EFBC}") = "Turbo.Grains", "Turbo.Grains\Turbo.Grains.csproj", "{6BCDFB70-BFCE-4F0D-86AF-1E301CA81C5C}"
EndProject
Project("{FAE04EC0-301F-11D3-BF4B-00C04F79EFBC}") = "Turbo.Main", "Turbo.Main\Turbo.Main.csproj", "{C2FBFECB-92FE-4FBD-8DD0-456DDDB7D859}"
EndProject
Project("{FAE04EC0-301F-11D3-BF4B-00C04F79EFBC}") = "Turbo.Players", "Turbo.Players\Turbo.Players.csproj", "{4AE9A9E6-9D20-488C-BD3A-E422F3F530D4}"
EndProject
Project("{FAE04EC0-301F-11D3-BF4B-00C04F79EFBC}") = "Turbo.Streams", "Turbo.Streams\Turbo.Streams.csproj", "{38CF1434-D10D-4856-A93C-9DA4FB29823D}"
EndProject
Project("{FAE04EC0-301F-11D3-BF4B-00C04F79EFBC}") = "Turbo.Authorization", "Turbo.Authorization\Turbo.Authorization.csproj", "{8E646BA3-81B1-43D2-A55B-A9F20F693BA0}"
EndProject
Project("{FAE04EC0-301F-11D3-BF4B-00C04F79EFBC}") = "Turbo.Networking", "Turbo.Networking\Turbo.Networking.csproj", "{730AB94C-2527-4902-9BAA-BB5491691162}"
EndProject
Project("{FAE04EC0-301F-11D3-BF4B-00C04F79EFBC}") = "Turbo.Utilities", "Turbo.Utilities\Turbo.Utilities.csproj", "{820830A2-313A-46A8-9CF1-08085C00955E}"
EndProject
Project("{FAE04EC0-301F-11D3-BF4B-00C04F79EFBC}") = "Turbo.Packets", "Turbo.Packets\Turbo.Packets.csproj", "{F07657F4-5794-40D3-A8AD-38A853FA9D46}"
EndProject
Project("{FAE04EC0-301F-11D3-BF4B-00C04F79EFBC}") = "Turbo.DefaultRevision", "Turbo.DefaultRevision\Turbo.DefaultRevision.csproj", "{95ECA008-C60C-4EA4-B610-01D1C088315B}"
EndProject
Global
	GlobalSection(SolutionConfigurationPlatforms) = preSolution
		Debug|Any CPU = Debug|Any CPU
		Debug|x64 = Debug|x64
		Debug|x86 = Debug|x86
		Release|Any CPU = Release|Any CPU
		Release|x64 = Release|x64
		Release|x86 = Release|x86
	EndGlobalSection
	GlobalSection(ProjectConfigurationPlatforms) = postSolution
		{E6226242-EA39-4E2A-94F5-187BA97F9E83}.Debug|Any CPU.ActiveCfg = Debug|Any CPU
		{E6226242-EA39-4E2A-94F5-187BA97F9E83}.Debug|Any CPU.Build.0 = Debug|Any CPU
		{E6226242-EA39-4E2A-94F5-187BA97F9E83}.Debug|x64.ActiveCfg = Debug|Any CPU
		{E6226242-EA39-4E2A-94F5-187BA97F9E83}.Debug|x64.Build.0 = Debug|Any CPU
		{E6226242-EA39-4E2A-94F5-187BA97F9E83}.Debug|x86.ActiveCfg = Debug|Any CPU
		{E6226242-EA39-4E2A-94F5-187BA97F9E83}.Debug|x86.Build.0 = Debug|Any CPU
		{E6226242-EA39-4E2A-94F5-187BA97F9E83}.Release|Any CPU.ActiveCfg = Release|Any CPU
		{E6226242-EA39-4E2A-94F5-187BA97F9E83}.Release|Any CPU.Build.0 = Release|Any CPU
		{E6226242-EA39-4E2A-94F5-187BA97F9E83}.Release|x64.ActiveCfg = Release|Any CPU
		{E6226242-EA39-4E2A-94F5-187BA97F9E83}.Release|x64.Build.0 = Release|Any CPU
		{E6226242-EA39-4E2A-94F5-187BA97F9E83}.Release|x86.ActiveCfg = Release|Any CPU
		{E6226242-EA39-4E2A-94F5-187BA97F9E83}.Release|x86.Build.0 = Release|Any CPU
		{1EE0E4A1-557D-4779-A65E-73BBAD110CC2}.Debug|Any CPU.ActiveCfg = Debug|Any CPU
		{1EE0E4A1-557D-4779-A65E-73BBAD110CC2}.Debug|Any CPU.Build.0 = Debug|Any CPU
		{1EE0E4A1-557D-4779-A65E-73BBAD110CC2}.Debug|x64.ActiveCfg = Debug|Any CPU
		{1EE0E4A1-557D-4779-A65E-73BBAD110CC2}.Debug|x64.Build.0 = Debug|Any CPU
		{1EE0E4A1-557D-4779-A65E-73BBAD110CC2}.Debug|x86.ActiveCfg = Debug|Any CPU
		{1EE0E4A1-557D-4779-A65E-73BBAD110CC2}.Debug|x86.Build.0 = Debug|Any CPU
		{1EE0E4A1-557D-4779-A65E-73BBAD110CC2}.Release|Any CPU.ActiveCfg = Release|Any CPU
		{1EE0E4A1-557D-4779-A65E-73BBAD110CC2}.Release|Any CPU.Build.0 = Release|Any CPU
		{1EE0E4A1-557D-4779-A65E-73BBAD110CC2}.Release|x64.ActiveCfg = Release|Any CPU
		{1EE0E4A1-557D-4779-A65E-73BBAD110CC2}.Release|x64.Build.0 = Release|Any CPU
		{1EE0E4A1-557D-4779-A65E-73BBAD110CC2}.Release|x86.ActiveCfg = Release|Any CPU
		{1EE0E4A1-557D-4779-A65E-73BBAD110CC2}.Release|x86.Build.0 = Release|Any CPU
		{E5060BDA-AD43-4BBE-89BD-6E5F58CFD90B}.Debug|Any CPU.ActiveCfg = Debug|Any CPU
		{E5060BDA-AD43-4BBE-89BD-6E5F58CFD90B}.Debug|Any CPU.Build.0 = Debug|Any CPU
		{E5060BDA-AD43-4BBE-89BD-6E5F58CFD90B}.Debug|x64.ActiveCfg = Debug|Any CPU
		{E5060BDA-AD43-4BBE-89BD-6E5F58CFD90B}.Debug|x64.Build.0 = Debug|Any CPU
		{E5060BDA-AD43-4BBE-89BD-6E5F58CFD90B}.Debug|x86.ActiveCfg = Debug|Any CPU
		{E5060BDA-AD43-4BBE-89BD-6E5F58CFD90B}.Debug|x86.Build.0 = Debug|Any CPU
		{E5060BDA-AD43-4BBE-89BD-6E5F58CFD90B}.Release|Any CPU.ActiveCfg = Release|Any CPU
		{E5060BDA-AD43-4BBE-89BD-6E5F58CFD90B}.Release|Any CPU.Build.0 = Release|Any CPU
		{E5060BDA-AD43-4BBE-89BD-6E5F58CFD90B}.Release|x64.ActiveCfg = Release|Any CPU
		{E5060BDA-AD43-4BBE-89BD-6E5F58CFD90B}.Release|x64.Build.0 = Release|Any CPU
		{E5060BDA-AD43-4BBE-89BD-6E5F58CFD90B}.Release|x86.ActiveCfg = Release|Any CPU
		{E5060BDA-AD43-4BBE-89BD-6E5F58CFD90B}.Release|x86.Build.0 = Release|Any CPU
		{6BCDFB70-BFCE-4F0D-86AF-1E301CA81C5C}.Debug|Any CPU.ActiveCfg = Debug|Any CPU
		{6BCDFB70-BFCE-4F0D-86AF-1E301CA81C5C}.Debug|Any CPU.Build.0 = Debug|Any CPU
		{6BCDFB70-BFCE-4F0D-86AF-1E301CA81C5C}.Debug|x64.ActiveCfg = Debug|Any CPU
		{6BCDFB70-BFCE-4F0D-86AF-1E301CA81C5C}.Debug|x64.Build.0 = Debug|Any CPU
		{6BCDFB70-BFCE-4F0D-86AF-1E301CA81C5C}.Debug|x86.ActiveCfg = Debug|Any CPU
		{6BCDFB70-BFCE-4F0D-86AF-1E301CA81C5C}.Debug|x86.Build.0 = Debug|Any CPU
		{6BCDFB70-BFCE-4F0D-86AF-1E301CA81C5C}.Release|Any CPU.ActiveCfg = Release|Any CPU
		{6BCDFB70-BFCE-4F0D-86AF-1E301CA81C5C}.Release|Any CPU.Build.0 = Release|Any CPU
		{6BCDFB70-BFCE-4F0D-86AF-1E301CA81C5C}.Release|x64.ActiveCfg = Release|Any CPU
		{6BCDFB70-BFCE-4F0D-86AF-1E301CA81C5C}.Release|x64.Build.0 = Release|Any CPU
		{6BCDFB70-BFCE-4F0D-86AF-1E301CA81C5C}.Release|x86.ActiveCfg = Release|Any CPU
		{6BCDFB70-BFCE-4F0D-86AF-1E301CA81C5C}.Release|x86.Build.0 = Release|Any CPU
		{C2FBFECB-92FE-4FBD-8DD0-456DDDB7D859}.Debug|Any CPU.ActiveCfg = Debug|Any CPU
		{C2FBFECB-92FE-4FBD-8DD0-456DDDB7D859}.Debug|Any CPU.Build.0 = Debug|Any CPU
		{C2FBFECB-92FE-4FBD-8DD0-456DDDB7D859}.Debug|x64.ActiveCfg = Debug|Any CPU
		{C2FBFECB-92FE-4FBD-8DD0-456DDDB7D859}.Debug|x64.Build.0 = Debug|Any CPU
		{C2FBFECB-92FE-4FBD-8DD0-456DDDB7D859}.Debug|x86.ActiveCfg = Debug|Any CPU
		{C2FBFECB-92FE-4FBD-8DD0-456DDDB7D859}.Debug|x86.Build.0 = Debug|Any CPU
		{C2FBFECB-92FE-4FBD-8DD0-456DDDB7D859}.Release|Any CPU.ActiveCfg = Release|Any CPU
		{C2FBFECB-92FE-4FBD-8DD0-456DDDB7D859}.Release|Any CPU.Build.0 = Release|Any CPU
		{C2FBFECB-92FE-4FBD-8DD0-456DDDB7D859}.Release|x64.ActiveCfg = Release|Any CPU
		{C2FBFECB-92FE-4FBD-8DD0-456DDDB7D859}.Release|x64.Build.0 = Release|Any CPU
		{C2FBFECB-92FE-4FBD-8DD0-456DDDB7D859}.Release|x86.ActiveCfg = Release|Any CPU
		{C2FBFECB-92FE-4FBD-8DD0-456DDDB7D859}.Release|x86.Build.0 = Release|Any CPU
		{4AE9A9E6-9D20-488C-BD3A-E422F3F530D4}.Debug|Any CPU.ActiveCfg = Debug|Any CPU
		{4AE9A9E6-9D20-488C-BD3A-E422F3F530D4}.Debug|Any CPU.Build.0 = Debug|Any CPU
		{4AE9A9E6-9D20-488C-BD3A-E422F3F530D4}.Debug|x64.ActiveCfg = Debug|Any CPU
		{4AE9A9E6-9D20-488C-BD3A-E422F3F530D4}.Debug|x64.Build.0 = Debug|Any CPU
		{4AE9A9E6-9D20-488C-BD3A-E422F3F530D4}.Debug|x86.ActiveCfg = Debug|Any CPU
		{4AE9A9E6-9D20-488C-BD3A-E422F3F530D4}.Debug|x86.Build.0 = Debug|Any CPU
		{4AE9A9E6-9D20-488C-BD3A-E422F3F530D4}.Release|Any CPU.ActiveCfg = Release|Any CPU
		{4AE9A9E6-9D20-488C-BD3A-E422F3F530D4}.Release|Any CPU.Build.0 = Release|Any CPU
		{4AE9A9E6-9D20-488C-BD3A-E422F3F530D4}.Release|x64.ActiveCfg = Release|Any CPU
		{4AE9A9E6-9D20-488C-BD3A-E422F3F530D4}.Release|x64.Build.0 = Release|Any CPU
		{4AE9A9E6-9D20-488C-BD3A-E422F3F530D4}.Release|x86.ActiveCfg = Release|Any CPU
		{4AE9A9E6-9D20-488C-BD3A-E422F3F530D4}.Release|x86.Build.0 = Release|Any CPU
		{38CF1434-D10D-4856-A93C-9DA4FB29823D}.Debug|Any CPU.ActiveCfg = Debug|Any CPU
		{38CF1434-D10D-4856-A93C-9DA4FB29823D}.Debug|Any CPU.Build.0 = Debug|Any CPU
		{38CF1434-D10D-4856-A93C-9DA4FB29823D}.Debug|x64.ActiveCfg = Debug|Any CPU
		{38CF1434-D10D-4856-A93C-9DA4FB29823D}.Debug|x64.Build.0 = Debug|Any CPU
		{38CF1434-D10D-4856-A93C-9DA4FB29823D}.Debug|x86.ActiveCfg = Debug|Any CPU
		{38CF1434-D10D-4856-A93C-9DA4FB29823D}.Debug|x86.Build.0 = Debug|Any CPU
		{38CF1434-D10D-4856-A93C-9DA4FB29823D}.Release|Any CPU.ActiveCfg = Release|Any CPU
		{38CF1434-D10D-4856-A93C-9DA4FB29823D}.Release|Any CPU.Build.0 = Release|Any CPU
		{38CF1434-D10D-4856-A93C-9DA4FB29823D}.Release|x64.ActiveCfg = Release|Any CPU
		{38CF1434-D10D-4856-A93C-9DA4FB29823D}.Release|x64.Build.0 = Release|Any CPU
		{38CF1434-D10D-4856-A93C-9DA4FB29823D}.Release|x86.ActiveCfg = Release|Any CPU
		{38CF1434-D10D-4856-A93C-9DA4FB29823D}.Release|x86.Build.0 = Release|Any CPU
		{8E646BA3-81B1-43D2-A55B-A9F20F693BA0}.Debug|Any CPU.ActiveCfg = Debug|Any CPU
		{8E646BA3-81B1-43D2-A55B-A9F20F693BA0}.Debug|Any CPU.Build.0 = Debug|Any CPU
		{8E646BA3-81B1-43D2-A55B-A9F20F693BA0}.Debug|x64.ActiveCfg = Debug|Any CPU
		{8E646BA3-81B1-43D2-A55B-A9F20F693BA0}.Debug|x64.Build.0 = Debug|Any CPU
		{8E646BA3-81B1-43D2-A55B-A9F20F693BA0}.Debug|x86.ActiveCfg = Debug|Any CPU
		{8E646BA3-81B1-43D2-A55B-A9F20F693BA0}.Debug|x86.Build.0 = Debug|Any CPU
		{8E646BA3-81B1-43D2-A55B-A9F20F693BA0}.Release|Any CPU.ActiveCfg = Release|Any CPU
		{8E646BA3-81B1-43D2-A55B-A9F20F693BA0}.Release|Any CPU.Build.0 = Release|Any CPU
		{8E646BA3-81B1-43D2-A55B-A9F20F693BA0}.Release|x64.ActiveCfg = Release|Any CPU
		{8E646BA3-81B1-43D2-A55B-A9F20F693BA0}.Release|x64.Build.0 = Release|Any CPU
		{8E646BA3-81B1-43D2-A55B-A9F20F693BA0}.Release|x86.ActiveCfg = Release|Any CPU
		{8E646BA3-81B1-43D2-A55B-A9F20F693BA0}.Release|x86.Build.0 = Release|Any CPU
		{730AB94C-2527-4902-9BAA-BB5491691162}.Debug|Any CPU.ActiveCfg = Debug|Any CPU
		{730AB94C-2527-4902-9BAA-BB5491691162}.Debug|Any CPU.Build.0 = Debug|Any CPU
		{730AB94C-2527-4902-9BAA-BB5491691162}.Debug|x64.ActiveCfg = Debug|Any CPU
		{730AB94C-2527-4902-9BAA-BB5491691162}.Debug|x64.Build.0 = Debug|Any CPU
		{730AB94C-2527-4902-9BAA-BB5491691162}.Debug|x86.ActiveCfg = Debug|Any CPU
		{730AB94C-2527-4902-9BAA-BB5491691162}.Debug|x86.Build.0 = Debug|Any CPU
		{730AB94C-2527-4902-9BAA-BB5491691162}.Release|Any CPU.ActiveCfg = Release|Any CPU
		{730AB94C-2527-4902-9BAA-BB5491691162}.Release|Any CPU.Build.0 = Release|Any CPU
		{730AB94C-2527-4902-9BAA-BB5491691162}.Release|x64.ActiveCfg = Release|Any CPU
		{730AB94C-2527-4902-9BAA-BB5491691162}.Release|x64.Build.0 = Release|Any CPU
		{730AB94C-2527-4902-9BAA-BB5491691162}.Release|x86.ActiveCfg = Release|Any CPU
		{730AB94C-2527-4902-9BAA-BB5491691162}.Release|x86.Build.0 = Release|Any CPU
		{820830A2-313A-46A8-9CF1-08085C00955E}.Debug|Any CPU.ActiveCfg = Debug|Any CPU
		{820830A2-313A-46A8-9CF1-08085C00955E}.Debug|Any CPU.Build.0 = Debug|Any CPU
		{820830A2-313A-46A8-9CF1-08085C00955E}.Debug|x64.ActiveCfg = Debug|Any CPU
		{820830A2-313A-46A8-9CF1-08085C00955E}.Debug|x64.Build.0 = Debug|Any CPU
		{820830A2-313A-46A8-9CF1-08085C00955E}.Debug|x86.ActiveCfg = Debug|Any CPU
		{820830A2-313A-46A8-9CF1-08085C00955E}.Debug|x86.Build.0 = Debug|Any CPU
		{820830A2-313A-46A8-9CF1-08085C00955E}.Release|Any CPU.ActiveCfg = Release|Any CPU
		{820830A2-313A-46A8-9CF1-08085C00955E}.Release|Any CPU.Build.0 = Release|Any CPU
		{820830A2-313A-46A8-9CF1-08085C00955E}.Release|x64.ActiveCfg = Release|Any CPU
		{820830A2-313A-46A8-9CF1-08085C00955E}.Release|x64.Build.0 = Release|Any CPU
		{820830A2-313A-46A8-9CF1-08085C00955E}.Release|x86.ActiveCfg = Release|Any CPU
		{820830A2-313A-46A8-9CF1-08085C00955E}.Release|x86.Build.0 = Release|Any CPU
		{F07657F4-5794-40D3-A8AD-38A853FA9D46}.Debug|Any CPU.ActiveCfg = Debug|Any CPU
		{F07657F4-5794-40D3-A8AD-38A853FA9D46}.Debug|Any CPU.Build.0 = Debug|Any CPU
		{F07657F4-5794-40D3-A8AD-38A853FA9D46}.Debug|x64.ActiveCfg = Debug|Any CPU
		{F07657F4-5794-40D3-A8AD-38A853FA9D46}.Debug|x64.Build.0 = Debug|Any CPU
		{F07657F4-5794-40D3-A8AD-38A853FA9D46}.Debug|x86.ActiveCfg = Debug|Any CPU
		{F07657F4-5794-40D3-A8AD-38A853FA9D46}.Debug|x86.Build.0 = Debug|Any CPU
		{F07657F4-5794-40D3-A8AD-38A853FA9D46}.Release|Any CPU.ActiveCfg = Release|Any CPU
		{F07657F4-5794-40D3-A8AD-38A853FA9D46}.Release|Any CPU.Build.0 = Release|Any CPU
		{F07657F4-5794-40D3-A8AD-38A853FA9D46}.Release|x64.ActiveCfg = Release|Any CPU
		{F07657F4-5794-40D3-A8AD-38A853FA9D46}.Release|x64.Build.0 = Release|Any CPU
		{F07657F4-5794-40D3-A8AD-38A853FA9D46}.Release|x86.ActiveCfg = Release|Any CPU
		{F07657F4-5794-40D3-A8AD-38A853FA9D46}.Release|x86.Build.0 = Release|Any CPU
		{95ECA008-C60C-4EA4-B610-01D1C088315B}.Debug|Any CPU.ActiveCfg = Debug|Any CPU
		{95ECA008-C60C-4EA4-B610-01D1C088315B}.Debug|Any CPU.Build.0 = Debug|Any CPU
		{95ECA008-C60C-4EA4-B610-01D1C088315B}.Debug|x64.ActiveCfg = Debug|Any CPU
		{95ECA008-C60C-4EA4-B610-01D1C088315B}.Debug|x64.Build.0 = Debug|Any CPU
		{95ECA008-C60C-4EA4-B610-01D1C088315B}.Debug|x86.ActiveCfg = Debug|Any CPU
		{95ECA008-C60C-4EA4-B610-01D1C088315B}.Debug|x86.Build.0 = Debug|Any CPU
		{95ECA008-C60C-4EA4-B610-01D1C088315B}.Release|Any CPU.ActiveCfg = Release|Any CPU
		{95ECA008-C60C-4EA4-B610-01D1C088315B}.Release|Any CPU.Build.0 = Release|Any CPU
		{95ECA008-C60C-4EA4-B610-01D1C088315B}.Release|x64.ActiveCfg = Release|Any CPU
		{95ECA008-C60C-4EA4-B610-01D1C088315B}.Release|x64.Build.0 = Release|Any CPU
		{95ECA008-C60C-4EA4-B610-01D1C088315B}.Release|x86.ActiveCfg = Release|Any CPU
		{95ECA008-C60C-4EA4-B610-01D1C088315B}.Release|x86.Build.0 = Release|Any CPU
	EndGlobalSection
	GlobalSection(SolutionProperties) = preSolution
		HideSolutionNode = FALSE
	EndGlobalSection
EndGlobal
