
Microsoft Visual Studio Solution File, Format Version 12.00
# Visual Studio Version 17
VisualStudioVersion = 17.0.31903.59
MinimumVisualStudioVersion = 10.0.40219.1
Project("{FAE04EC0-301F-11D3-BF4B-00C04F79EFBC}") = "Turbo.Contracts", "Turbo.Contracts\Turbo.Contracts.csproj", "{EF13738C-CE94-4330-B92F-F8B93C26B39B}"
EndProject
Project("{FAE04EC0-301F-11D3-BF4B-00C04F79EFBC}") = "Turbo.Database", "Turbo.Database\Turbo.Database.csproj", "{1EE0E4A1-557D-4779-A65E-73BBAD110CC2}"
EndProject
Project("{FAE04EC0-301F-11D3-BF4B-00C04F79EFBC}") = "Turbo.Events", "Turbo.Events\Turbo.Events.csproj", "{E5060BDA-AD43-4BBE-89BD-6E5F58CFD90B}"
EndProject
Project("{FAE04EC0-301F-11D3-BF4B-00C04F79EFBC}") = "Turbo.Main", "Turbo.Main\Turbo.Main.csproj", "{C2FBFECB-92FE-4FBD-8DD0-456DDDB7D859}"
EndProject
Project("{FAE04EC0-301F-11D3-BF4B-00C04F79EFBC}") = "Turbo.Messages", "Turbo.Messages\Turbo.Messages.csproj", "{206126F1-2CD3-44BF-B635-A3465B99B4D9}"
EndProject
Project("{FAE04EC0-301F-11D3-BF4B-00C04F79EFBC}") = "Turbo.Networking", "Turbo.Networking\Turbo.Networking.csproj", "{730AB94C-2527-4902-9BAA-BB5491691162}"
EndProject
Project("{FAE04EC0-301F-11D3-BF4B-00C04F79EFBC}") = "Turbo.Networking.Abstractions", "Turbo.Networking.Abstractions\Turbo.Networking.Abstractions.csproj", "{27D3A516-72C2-4082-9A68-08E424DAF865}"
EndProject
Project("{FAE04EC0-301F-11D3-BF4B-00C04F79EFBC}") = "Turbo.Packets.Abstractions", "Turbo.Packets.Abstractions\Turbo.Packets.Abstractions.csproj", "{28F41A5C-B5ED-4812-A1E5-4DED10468D40}"
EndProject
Project("{FAE04EC0-301F-11D3-BF4B-00C04F79EFBC}") = "Turbo.Pipeline", "Turbo.Pipeline\Turbo.Pipeline.csproj", "{91A0E861-4BD8-4F05-B776-0EE2CA00A3D7}"
EndProject
Project("{FAE04EC0-301F-11D3-BF4B-00C04F79EFBC}") = "Turbo.Plugins", "Turbo.Plugins\Turbo.Plugins.csproj", "{31AA65DB-2B58-4B59-A1A2-96618D5D125D}"
EndProject
Project("{FAE04EC0-301F-11D3-BF4B-00C04F79EFBC}") = "Turbo.Primitives", "Turbo.Primitives\Turbo.Primitives.csproj", "{B1FB368A-BF76-401B-B60C-269C54EE1FE0}"
EndProject
Project("{FAE04EC0-301F-11D3-BF4B-00C04F79EFBC}") = "Turbo.Logging", "Turbo.Logging\Turbo.Logging.csproj", "{FAC5648D-7B56-4E65-8EF0-B4EE138E6380}"
EndProject
Project("{FAE04EC0-301F-11D3-BF4B-00C04F79EFBC}") = "Turbo.Crypto", "Turbo.Crypto\Turbo.Crypto.csproj", "{0A8420E0-DDA4-46C1-8775-CDCEF53D8B46}"
EndProject
Project("{FAE04EC0-301F-11D3-BF4B-00C04F79EFBC}") = "Turbo.Runtime", "Turbo.Runtime\Turbo.Runtime.csproj", "{E1C443E0-C2E4-4146-B964-8558E8F16FC2}"
EndProject
Project("{FAE04EC0-301F-11D3-BF4B-00C04F79EFBC}") = "Turbo.Authentication", "Turbo.Authentication\Turbo.Authentication.csproj", "{ACD174D1-40A5-4F3B-ACD4-A4857753F5DE}"
EndProject
Project("{FAE04EC0-301F-11D3-BF4B-00C04F79EFBC}") = "Turbo.Grains", "Turbo.Grains\Turbo.Grains.csproj", "{4CEA317C-D348-46F4-AD00-5C6923D568B5}"
EndProject
Project("{FAE04EC0-301F-11D3-BF4B-00C04F79EFBC}") = "Turbo.Players", "Turbo.Players\Turbo.Players.csproj", "{DD53E4D6-08AB-41BD-B4A6-0348CCFCFCD8}"
EndProject
Project("{FAE04EC0-301F-11D3-BF4B-00C04F79EFBC}") = "TurboSamplePlugin", "..\turbo-sample-plugin\TurboSamplePlugin\TurboSamplePlugin.csproj", "{114FE65C-E75D-4271-9CA7-99E7E1E0C4DA}"
EndProject
Project("{FAE04EC0-301F-11D3-BF4B-00C04F79EFBC}") = "Turbo.PacketHandlers", "Turbo.PacketHandlers\Turbo.PacketHandlers.csproj", "{3DD89E1D-E53C-414D-9C4F-73615A9FE0DB}"
EndProject
Global
	GlobalSection(SolutionConfigurationPlatforms) = preSolution
		Debug|Any CPU = Debug|Any CPU
		Debug|x64 = Debug|x64
		Debug|x86 = Debug|x86
		Release|Any CPU = Release|Any CPU
		Release|x64 = Release|x64
		Release|x86 = Release|x86
	EndGlobalSection
	GlobalSection(ProjectConfigurationPlatforms) = postSolution
		{EF13738C-CE94-4330-B92F-F8B93C26B39B}.Debug|Any CPU.ActiveCfg = Debug|Any CPU
		{EF13738C-CE94-4330-B92F-F8B93C26B39B}.Debug|Any CPU.Build.0 = Debug|Any CPU
		{EF13738C-CE94-4330-B92F-F8B93C26B39B}.Debug|x64.ActiveCfg = Debug|Any CPU
		{EF13738C-CE94-4330-B92F-F8B93C26B39B}.Debug|x64.Build.0 = Debug|Any CPU
		{EF13738C-CE94-4330-B92F-F8B93C26B39B}.Debug|x86.ActiveCfg = Debug|Any CPU
		{EF13738C-CE94-4330-B92F-F8B93C26B39B}.Debug|x86.Build.0 = Debug|Any CPU
		{EF13738C-CE94-4330-B92F-F8B93C26B39B}.Release|Any CPU.ActiveCfg = Release|Any CPU
		{EF13738C-CE94-4330-B92F-F8B93C26B39B}.Release|Any CPU.Build.0 = Release|Any CPU
		{EF13738C-CE94-4330-B92F-F8B93C26B39B}.Release|x64.ActiveCfg = Release|Any CPU
		{EF13738C-CE94-4330-B92F-F8B93C26B39B}.Release|x64.Build.0 = Release|Any CPU
		{EF13738C-CE94-4330-B92F-F8B93C26B39B}.Release|x86.ActiveCfg = Release|Any CPU
		{EF13738C-CE94-4330-B92F-F8B93C26B39B}.Release|x86.Build.0 = Release|Any CPU
		{1EE0E4A1-557D-4779-A65E-73BBAD110CC2}.Debug|Any CPU.ActiveCfg = Debug|Any CPU
		{1EE0E4A1-557D-4779-A65E-73BBAD110CC2}.Debug|Any CPU.Build.0 = Debug|Any CPU
		{1EE0E4A1-557D-4779-A65E-73BBAD110CC2}.Debug|x64.ActiveCfg = Debug|Any CPU
		{1EE0E4A1-557D-4779-A65E-73BBAD110CC2}.Debug|x64.Build.0 = Debug|Any CPU
		{1EE0E4A1-557D-4779-A65E-73BBAD110CC2}.Debug|x86.ActiveCfg = Debug|Any CPU
		{1EE0E4A1-557D-4779-A65E-73BBAD110CC2}.Debug|x86.Build.0 = Debug|Any CPU
		{1EE0E4A1-557D-4779-A65E-73BBAD110CC2}.Release|Any CPU.ActiveCfg = Release|Any CPU
		{1EE0E4A1-557D-4779-A65E-73BBAD110CC2}.Release|Any CPU.Build.0 = Release|Any CPU
		{1EE0E4A1-557D-4779-A65E-73BBAD110CC2}.Release|x64.ActiveCfg = Release|Any CPU
		{1EE0E4A1-557D-4779-A65E-73BBAD110CC2}.Release|x64.Build.0 = Release|Any CPU
		{1EE0E4A1-557D-4779-A65E-73BBAD110CC2}.Release|x86.ActiveCfg = Release|Any CPU
		{1EE0E4A1-557D-4779-A65E-73BBAD110CC2}.Release|x86.Build.0 = Release|Any CPU
		{E5060BDA-AD43-4BBE-89BD-6E5F58CFD90B}.Debug|Any CPU.ActiveCfg = Debug|Any CPU
		{E5060BDA-AD43-4BBE-89BD-6E5F58CFD90B}.Debug|Any CPU.Build.0 = Debug|Any CPU
		{E5060BDA-AD43-4BBE-89BD-6E5F58CFD90B}.Debug|x64.ActiveCfg = Debug|Any CPU
		{E5060BDA-AD43-4BBE-89BD-6E5F58CFD90B}.Debug|x64.Build.0 = Debug|Any CPU
		{E5060BDA-AD43-4BBE-89BD-6E5F58CFD90B}.Debug|x86.ActiveCfg = Debug|Any CPU
		{E5060BDA-AD43-4BBE-89BD-6E5F58CFD90B}.Debug|x86.Build.0 = Debug|Any CPU
		{E5060BDA-AD43-4BBE-89BD-6E5F58CFD90B}.Release|Any CPU.ActiveCfg = Release|Any CPU
		{E5060BDA-AD43-4BBE-89BD-6E5F58CFD90B}.Release|Any CPU.Build.0 = Release|Any CPU
		{E5060BDA-AD43-4BBE-89BD-6E5F58CFD90B}.Release|x64.ActiveCfg = Release|Any CPU
		{E5060BDA-AD43-4BBE-89BD-6E5F58CFD90B}.Release|x64.Build.0 = Release|Any CPU
		{E5060BDA-AD43-4BBE-89BD-6E5F58CFD90B}.Release|x86.ActiveCfg = Release|Any CPU
		{E5060BDA-AD43-4BBE-89BD-6E5F58CFD90B}.Release|x86.Build.0 = Release|Any CPU
		{C2FBFECB-92FE-4FBD-8DD0-456DDDB7D859}.Debug|Any CPU.ActiveCfg = Debug|Any CPU
		{C2FBFECB-92FE-4FBD-8DD0-456DDDB7D859}.Debug|Any CPU.Build.0 = Debug|Any CPU
		{C2FBFECB-92FE-4FBD-8DD0-456DDDB7D859}.Debug|x64.ActiveCfg = Debug|Any CPU
		{C2FBFECB-92FE-4FBD-8DD0-456DDDB7D859}.Debug|x64.Build.0 = Debug|Any CPU
		{C2FBFECB-92FE-4FBD-8DD0-456DDDB7D859}.Debug|x86.ActiveCfg = Debug|Any CPU
		{C2FBFECB-92FE-4FBD-8DD0-456DDDB7D859}.Debug|x86.Build.0 = Debug|Any CPU
		{C2FBFECB-92FE-4FBD-8DD0-456DDDB7D859}.Release|Any CPU.ActiveCfg = Release|Any CPU
		{C2FBFECB-92FE-4FBD-8DD0-456DDDB7D859}.Release|Any CPU.Build.0 = Release|Any CPU
		{C2FBFECB-92FE-4FBD-8DD0-456DDDB7D859}.Release|x64.ActiveCfg = Release|Any CPU
		{C2FBFECB-92FE-4FBD-8DD0-456DDDB7D859}.Release|x64.Build.0 = Release|Any CPU
		{C2FBFECB-92FE-4FBD-8DD0-456DDDB7D859}.Release|x86.ActiveCfg = Release|Any CPU
		{C2FBFECB-92FE-4FBD-8DD0-456DDDB7D859}.Release|x86.Build.0 = Release|Any CPU
		{206126F1-2CD3-44BF-B635-A3465B99B4D9}.Debug|Any CPU.ActiveCfg = Debug|Any CPU
		{206126F1-2CD3-44BF-B635-A3465B99B4D9}.Debug|Any CPU.Build.0 = Debug|Any CPU
		{206126F1-2CD3-44BF-B635-A3465B99B4D9}.Debug|x64.ActiveCfg = Debug|Any CPU
		{206126F1-2CD3-44BF-B635-A3465B99B4D9}.Debug|x64.Build.0 = Debug|Any CPU
		{206126F1-2CD3-44BF-B635-A3465B99B4D9}.Debug|x86.ActiveCfg = Debug|Any CPU
		{206126F1-2CD3-44BF-B635-A3465B99B4D9}.Debug|x86.Build.0 = Debug|Any CPU
		{206126F1-2CD3-44BF-B635-A3465B99B4D9}.Release|Any CPU.ActiveCfg = Release|Any CPU
		{206126F1-2CD3-44BF-B635-A3465B99B4D9}.Release|Any CPU.Build.0 = Release|Any CPU
		{206126F1-2CD3-44BF-B635-A3465B99B4D9}.Release|x64.ActiveCfg = Release|Any CPU
		{206126F1-2CD3-44BF-B635-A3465B99B4D9}.Release|x64.Build.0 = Release|Any CPU
		{206126F1-2CD3-44BF-B635-A3465B99B4D9}.Release|x86.ActiveCfg = Release|Any CPU
		{206126F1-2CD3-44BF-B635-A3465B99B4D9}.Release|x86.Build.0 = Release|Any CPU
		{730AB94C-2527-4902-9BAA-BB5491691162}.Debug|Any CPU.ActiveCfg = Debug|Any CPU
		{730AB94C-2527-4902-9BAA-BB5491691162}.Debug|Any CPU.Build.0 = Debug|Any CPU
		{730AB94C-2527-4902-9BAA-BB5491691162}.Debug|x64.ActiveCfg = Debug|Any CPU
		{730AB94C-2527-4902-9BAA-BB5491691162}.Debug|x64.Build.0 = Debug|Any CPU
		{730AB94C-2527-4902-9BAA-BB5491691162}.Debug|x86.ActiveCfg = Debug|Any CPU
		{730AB94C-2527-4902-9BAA-BB5491691162}.Debug|x86.Build.0 = Debug|Any CPU
		{730AB94C-2527-4902-9BAA-BB5491691162}.Release|Any CPU.ActiveCfg = Release|Any CPU
		{730AB94C-2527-4902-9BAA-BB5491691162}.Release|Any CPU.Build.0 = Release|Any CPU
		{730AB94C-2527-4902-9BAA-BB5491691162}.Release|x64.ActiveCfg = Release|Any CPU
		{730AB94C-2527-4902-9BAA-BB5491691162}.Release|x64.Build.0 = Release|Any CPU
		{730AB94C-2527-4902-9BAA-BB5491691162}.Release|x86.ActiveCfg = Release|Any CPU
		{730AB94C-2527-4902-9BAA-BB5491691162}.Release|x86.Build.0 = Release|Any CPU
		{27D3A516-72C2-4082-9A68-08E424DAF865}.Debug|Any CPU.ActiveCfg = Debug|Any CPU
		{27D3A516-72C2-4082-9A68-08E424DAF865}.Debug|Any CPU.Build.0 = Debug|Any CPU
		{27D3A516-72C2-4082-9A68-08E424DAF865}.Debug|x64.ActiveCfg = Debug|Any CPU
		{27D3A516-72C2-4082-9A68-08E424DAF865}.Debug|x64.Build.0 = Debug|Any CPU
		{27D3A516-72C2-4082-9A68-08E424DAF865}.Debug|x86.ActiveCfg = Debug|Any CPU
		{27D3A516-72C2-4082-9A68-08E424DAF865}.Debug|x86.Build.0 = Debug|Any CPU
		{27D3A516-72C2-4082-9A68-08E424DAF865}.Release|Any CPU.ActiveCfg = Release|Any CPU
		{27D3A516-72C2-4082-9A68-08E424DAF865}.Release|Any CPU.Build.0 = Release|Any CPU
		{27D3A516-72C2-4082-9A68-08E424DAF865}.Release|x64.ActiveCfg = Release|Any CPU
		{27D3A516-72C2-4082-9A68-08E424DAF865}.Release|x64.Build.0 = Release|Any CPU
		{27D3A516-72C2-4082-9A68-08E424DAF865}.Release|x86.ActiveCfg = Release|Any CPU
		{27D3A516-72C2-4082-9A68-08E424DAF865}.Release|x86.Build.0 = Release|Any CPU
		{28F41A5C-B5ED-4812-A1E5-4DED10468D40}.Debug|Any CPU.ActiveCfg = Debug|Any CPU
		{28F41A5C-B5ED-4812-A1E5-4DED10468D40}.Debug|Any CPU.Build.0 = Debug|Any CPU
		{28F41A5C-B5ED-4812-A1E5-4DED10468D40}.Debug|x64.ActiveCfg = Debug|Any CPU
		{28F41A5C-B5ED-4812-A1E5-4DED10468D40}.Debug|x64.Build.0 = Debug|Any CPU
		{28F41A5C-B5ED-4812-A1E5-4DED10468D40}.Debug|x86.ActiveCfg = Debug|Any CPU
		{28F41A5C-B5ED-4812-A1E5-4DED10468D40}.Debug|x86.Build.0 = Debug|Any CPU
		{28F41A5C-B5ED-4812-A1E5-4DED10468D40}.Release|Any CPU.ActiveCfg = Release|Any CPU
		{28F41A5C-B5ED-4812-A1E5-4DED10468D40}.Release|Any CPU.Build.0 = Release|Any CPU
		{28F41A5C-B5ED-4812-A1E5-4DED10468D40}.Release|x64.ActiveCfg = Release|Any CPU
		{28F41A5C-B5ED-4812-A1E5-4DED10468D40}.Release|x64.Build.0 = Release|Any CPU
		{28F41A5C-B5ED-4812-A1E5-4DED10468D40}.Release|x86.ActiveCfg = Release|Any CPU
		{28F41A5C-B5ED-4812-A1E5-4DED10468D40}.Release|x86.Build.0 = Release|Any CPU
		{91A0E861-4BD8-4F05-B776-0EE2CA00A3D7}.Debug|Any CPU.ActiveCfg = Debug|Any CPU
		{91A0E861-4BD8-4F05-B776-0EE2CA00A3D7}.Debug|Any CPU.Build.0 = Debug|Any CPU
		{91A0E861-4BD8-4F05-B776-0EE2CA00A3D7}.Debug|x64.ActiveCfg = Debug|Any CPU
		{91A0E861-4BD8-4F05-B776-0EE2CA00A3D7}.Debug|x64.Build.0 = Debug|Any CPU
		{91A0E861-4BD8-4F05-B776-0EE2CA00A3D7}.Debug|x86.ActiveCfg = Debug|Any CPU
		{91A0E861-4BD8-4F05-B776-0EE2CA00A3D7}.Debug|x86.Build.0 = Debug|Any CPU
		{91A0E861-4BD8-4F05-B776-0EE2CA00A3D7}.Release|Any CPU.ActiveCfg = Release|Any CPU
		{91A0E861-4BD8-4F05-B776-0EE2CA00A3D7}.Release|Any CPU.Build.0 = Release|Any CPU
		{91A0E861-4BD8-4F05-B776-0EE2CA00A3D7}.Release|x64.ActiveCfg = Release|Any CPU
		{91A0E861-4BD8-4F05-B776-0EE2CA00A3D7}.Release|x64.Build.0 = Release|Any CPU
		{91A0E861-4BD8-4F05-B776-0EE2CA00A3D7}.Release|x86.ActiveCfg = Release|Any CPU
		{91A0E861-4BD8-4F05-B776-0EE2CA00A3D7}.Release|x86.Build.0 = Release|Any CPU
		{31AA65DB-2B58-4B59-A1A2-96618D5D125D}.Debug|Any CPU.ActiveCfg = Debug|Any CPU
		{31AA65DB-2B58-4B59-A1A2-96618D5D125D}.Debug|Any CPU.Build.0 = Debug|Any CPU
		{31AA65DB-2B58-4B59-A1A2-96618D5D125D}.Debug|x64.ActiveCfg = Debug|Any CPU
		{31AA65DB-2B58-4B59-A1A2-96618D5D125D}.Debug|x64.Build.0 = Debug|Any CPU
		{31AA65DB-2B58-4B59-A1A2-96618D5D125D}.Debug|x86.ActiveCfg = Debug|Any CPU
		{31AA65DB-2B58-4B59-A1A2-96618D5D125D}.Debug|x86.Build.0 = Debug|Any CPU
		{31AA65DB-2B58-4B59-A1A2-96618D5D125D}.Release|Any CPU.ActiveCfg = Release|Any CPU
		{31AA65DB-2B58-4B59-A1A2-96618D5D125D}.Release|Any CPU.Build.0 = Release|Any CPU
		{31AA65DB-2B58-4B59-A1A2-96618D5D125D}.Release|x64.ActiveCfg = Release|Any CPU
		{31AA65DB-2B58-4B59-A1A2-96618D5D125D}.Release|x64.Build.0 = Release|Any CPU
		{31AA65DB-2B58-4B59-A1A2-96618D5D125D}.Release|x86.ActiveCfg = Release|Any CPU
		{31AA65DB-2B58-4B59-A1A2-96618D5D125D}.Release|x86.Build.0 = Release|Any CPU
		{B1FB368A-BF76-401B-B60C-269C54EE1FE0}.Debug|Any CPU.ActiveCfg = Debug|Any CPU
		{B1FB368A-BF76-401B-B60C-269C54EE1FE0}.Debug|Any CPU.Build.0 = Debug|Any CPU
		{B1FB368A-BF76-401B-B60C-269C54EE1FE0}.Debug|x64.ActiveCfg = Debug|Any CPU
		{B1FB368A-BF76-401B-B60C-269C54EE1FE0}.Debug|x64.Build.0 = Debug|Any CPU
		{B1FB368A-BF76-401B-B60C-269C54EE1FE0}.Debug|x86.ActiveCfg = Debug|Any CPU
		{B1FB368A-BF76-401B-B60C-269C54EE1FE0}.Debug|x86.Build.0 = Debug|Any CPU
		{B1FB368A-BF76-401B-B60C-269C54EE1FE0}.Release|Any CPU.ActiveCfg = Release|Any CPU
		{B1FB368A-BF76-401B-B60C-269C54EE1FE0}.Release|Any CPU.Build.0 = Release|Any CPU
		{B1FB368A-BF76-401B-B60C-269C54EE1FE0}.Release|x64.ActiveCfg = Release|Any CPU
		{B1FB368A-BF76-401B-B60C-269C54EE1FE0}.Release|x64.Build.0 = Release|Any CPU
		{B1FB368A-BF76-401B-B60C-269C54EE1FE0}.Release|x86.ActiveCfg = Release|Any CPU
		{B1FB368A-BF76-401B-B60C-269C54EE1FE0}.Release|x86.Build.0 = Release|Any CPU
		{FAC5648D-7B56-4E65-8EF0-B4EE138E6380}.Debug|Any CPU.ActiveCfg = Debug|Any CPU
		{FAC5648D-7B56-4E65-8EF0-B4EE138E6380}.Debug|Any CPU.Build.0 = Debug|Any CPU
		{FAC5648D-7B56-4E65-8EF0-B4EE138E6380}.Debug|x64.ActiveCfg = Debug|Any CPU
		{FAC5648D-7B56-4E65-8EF0-B4EE138E6380}.Debug|x64.Build.0 = Debug|Any CPU
		{FAC5648D-7B56-4E65-8EF0-B4EE138E6380}.Debug|x86.ActiveCfg = Debug|Any CPU
		{FAC5648D-7B56-4E65-8EF0-B4EE138E6380}.Debug|x86.Build.0 = Debug|Any CPU
		{FAC5648D-7B56-4E65-8EF0-B4EE138E6380}.Release|Any CPU.ActiveCfg = Release|Any CPU
		{FAC5648D-7B56-4E65-8EF0-B4EE138E6380}.Release|Any CPU.Build.0 = Release|Any CPU
		{FAC5648D-7B56-4E65-8EF0-B4EE138E6380}.Release|x64.ActiveCfg = Release|Any CPU
		{FAC5648D-7B56-4E65-8EF0-B4EE138E6380}.Release|x64.Build.0 = Release|Any CPU
		{FAC5648D-7B56-4E65-8EF0-B4EE138E6380}.Release|x86.ActiveCfg = Release|Any CPU
		{FAC5648D-7B56-4E65-8EF0-B4EE138E6380}.Release|x86.Build.0 = Release|Any CPU
		{0A8420E0-DDA4-46C1-8775-CDCEF53D8B46}.Debug|Any CPU.ActiveCfg = Debug|Any CPU
		{0A8420E0-DDA4-46C1-8775-CDCEF53D8B46}.Debug|Any CPU.Build.0 = Debug|Any CPU
		{0A8420E0-DDA4-46C1-8775-CDCEF53D8B46}.Debug|x64.ActiveCfg = Debug|Any CPU
		{0A8420E0-DDA4-46C1-8775-CDCEF53D8B46}.Debug|x64.Build.0 = Debug|Any CPU
		{0A8420E0-DDA4-46C1-8775-CDCEF53D8B46}.Debug|x86.ActiveCfg = Debug|Any CPU
		{0A8420E0-DDA4-46C1-8775-CDCEF53D8B46}.Debug|x86.Build.0 = Debug|Any CPU
		{0A8420E0-DDA4-46C1-8775-CDCEF53D8B46}.Release|Any CPU.ActiveCfg = Release|Any CPU
		{0A8420E0-DDA4-46C1-8775-CDCEF53D8B46}.Release|Any CPU.Build.0 = Release|Any CPU
		{0A8420E0-DDA4-46C1-8775-CDCEF53D8B46}.Release|x64.ActiveCfg = Release|Any CPU
		{0A8420E0-DDA4-46C1-8775-CDCEF53D8B46}.Release|x64.Build.0 = Release|Any CPU
		{0A8420E0-DDA4-46C1-8775-CDCEF53D8B46}.Release|x86.ActiveCfg = Release|Any CPU
		{0A8420E0-DDA4-46C1-8775-CDCEF53D8B46}.Release|x86.Build.0 = Release|Any CPU
		{E1C443E0-C2E4-4146-B964-8558E8F16FC2}.Debug|Any CPU.ActiveCfg = Debug|Any CPU
		{E1C443E0-C2E4-4146-B964-8558E8F16FC2}.Debug|Any CPU.Build.0 = Debug|Any CPU
		{E1C443E0-C2E4-4146-B964-8558E8F16FC2}.Debug|x64.ActiveCfg = Debug|Any CPU
		{E1C443E0-C2E4-4146-B964-8558E8F16FC2}.Debug|x64.Build.0 = Debug|Any CPU
		{E1C443E0-C2E4-4146-B964-8558E8F16FC2}.Debug|x86.ActiveCfg = Debug|Any CPU
		{E1C443E0-C2E4-4146-B964-8558E8F16FC2}.Debug|x86.Build.0 = Debug|Any CPU
		{E1C443E0-C2E4-4146-B964-8558E8F16FC2}.Release|Any CPU.ActiveCfg = Release|Any CPU
		{E1C443E0-C2E4-4146-B964-8558E8F16FC2}.Release|Any CPU.Build.0 = Release|Any CPU
		{E1C443E0-C2E4-4146-B964-8558E8F16FC2}.Release|x64.ActiveCfg = Release|Any CPU
		{E1C443E0-C2E4-4146-B964-8558E8F16FC2}.Release|x64.Build.0 = Release|Any CPU
		{E1C443E0-C2E4-4146-B964-8558E8F16FC2}.Release|x86.ActiveCfg = Release|Any CPU
		{E1C443E0-C2E4-4146-B964-8558E8F16FC2}.Release|x86.Build.0 = Release|Any CPU
		{ACD174D1-40A5-4F3B-ACD4-A4857753F5DE}.Debug|Any CPU.ActiveCfg = Debug|Any CPU
		{ACD174D1-40A5-4F3B-ACD4-A4857753F5DE}.Debug|Any CPU.Build.0 = Debug|Any CPU
		{ACD174D1-40A5-4F3B-ACD4-A4857753F5DE}.Debug|x64.ActiveCfg = Debug|Any CPU
		{ACD174D1-40A5-4F3B-ACD4-A4857753F5DE}.Debug|x64.Build.0 = Debug|Any CPU
		{ACD174D1-40A5-4F3B-ACD4-A4857753F5DE}.Debug|x86.ActiveCfg = Debug|Any CPU
		{ACD174D1-40A5-4F3B-ACD4-A4857753F5DE}.Debug|x86.Build.0 = Debug|Any CPU
		{ACD174D1-40A5-4F3B-ACD4-A4857753F5DE}.Release|Any CPU.ActiveCfg = Release|Any CPU
		{ACD174D1-40A5-4F3B-ACD4-A4857753F5DE}.Release|Any CPU.Build.0 = Release|Any CPU
		{ACD174D1-40A5-4F3B-ACD4-A4857753F5DE}.Release|x64.ActiveCfg = Release|Any CPU
		{ACD174D1-40A5-4F3B-ACD4-A4857753F5DE}.Release|x64.Build.0 = Release|Any CPU
		{ACD174D1-40A5-4F3B-ACD4-A4857753F5DE}.Release|x86.ActiveCfg = Release|Any CPU
		{ACD174D1-40A5-4F3B-ACD4-A4857753F5DE}.Release|x86.Build.0 = Release|Any CPU
		{4CEA317C-D348-46F4-AD00-5C6923D568B5}.Debug|Any CPU.ActiveCfg = Debug|Any CPU
		{4CEA317C-D348-46F4-AD00-5C6923D568B5}.Debug|Any CPU.Build.0 = Debug|Any CPU
		{4CEA317C-D348-46F4-AD00-5C6923D568B5}.Debug|x64.ActiveCfg = Debug|Any CPU
		{4CEA317C-D348-46F4-AD00-5C6923D568B5}.Debug|x64.Build.0 = Debug|Any CPU
		{4CEA317C-D348-46F4-AD00-5C6923D568B5}.Debug|x86.ActiveCfg = Debug|Any CPU
		{4CEA317C-D348-46F4-AD00-5C6923D568B5}.Debug|x86.Build.0 = Debug|Any CPU
		{4CEA317C-D348-46F4-AD00-5C6923D568B5}.Release|Any CPU.ActiveCfg = Release|Any CPU
		{4CEA317C-D348-46F4-AD00-5C6923D568B5}.Release|Any CPU.Build.0 = Release|Any CPU
		{4CEA317C-D348-46F4-AD00-5C6923D568B5}.Release|x64.ActiveCfg = Release|Any CPU
		{4CEA317C-D348-46F4-AD00-5C6923D568B5}.Release|x64.Build.0 = Release|Any CPU
		{4CEA317C-D348-46F4-AD00-5C6923D568B5}.Release|x86.ActiveCfg = Release|Any CPU
		{4CEA317C-D348-46F4-AD00-5C6923D568B5}.Release|x86.Build.0 = Release|Any CPU
		{DD53E4D6-08AB-41BD-B4A6-0348CCFCFCD8}.Debug|Any CPU.ActiveCfg = Debug|Any CPU
		{DD53E4D6-08AB-41BD-B4A6-0348CCFCFCD8}.Debug|Any CPU.Build.0 = Debug|Any CPU
		{DD53E4D6-08AB-41BD-B4A6-0348CCFCFCD8}.Debug|x64.ActiveCfg = Debug|Any CPU
		{DD53E4D6-08AB-41BD-B4A6-0348CCFCFCD8}.Debug|x64.Build.0 = Debug|Any CPU
		{DD53E4D6-08AB-41BD-B4A6-0348CCFCFCD8}.Debug|x86.ActiveCfg = Debug|Any CPU
		{DD53E4D6-08AB-41BD-B4A6-0348CCFCFCD8}.Debug|x86.Build.0 = Debug|Any CPU
		{DD53E4D6-08AB-41BD-B4A6-0348CCFCFCD8}.Release|Any CPU.ActiveCfg = Release|Any CPU
		{DD53E4D6-08AB-41BD-B4A6-0348CCFCFCD8}.Release|Any CPU.Build.0 = Release|Any CPU
		{DD53E4D6-08AB-41BD-B4A6-0348CCFCFCD8}.Release|x64.ActiveCfg = Release|Any CPU
		{DD53E4D6-08AB-41BD-B4A6-0348CCFCFCD8}.Release|x64.Build.0 = Release|Any CPU
		{DD53E4D6-08AB-41BD-B4A6-0348CCFCFCD8}.Release|x86.ActiveCfg = Release|Any CPU
		{DD53E4D6-08AB-41BD-B4A6-0348CCFCFCD8}.Release|x86.Build.0 = Release|Any CPU
		{114FE65C-E75D-4271-9CA7-99E7E1E0C4DA}.Debug|Any CPU.ActiveCfg = Debug|Any CPU
		{114FE65C-E75D-4271-9CA7-99E7E1E0C4DA}.Debug|Any CPU.Build.0 = Debug|Any CPU
		{114FE65C-E75D-4271-9CA7-99E7E1E0C4DA}.Debug|x64.ActiveCfg = Debug|Any CPU
		{114FE65C-E75D-4271-9CA7-99E7E1E0C4DA}.Debug|x64.Build.0 = Debug|Any CPU
		{114FE65C-E75D-4271-9CA7-99E7E1E0C4DA}.Debug|x86.ActiveCfg = Debug|Any CPU
		{114FE65C-E75D-4271-9CA7-99E7E1E0C4DA}.Debug|x86.Build.0 = Debug|Any CPU
		{114FE65C-E75D-4271-9CA7-99E7E1E0C4DA}.Release|Any CPU.ActiveCfg = Release|Any CPU
		{114FE65C-E75D-4271-9CA7-99E7E1E0C4DA}.Release|Any CPU.Build.0 = Release|Any CPU
		{114FE65C-E75D-4271-9CA7-99E7E1E0C4DA}.Release|x64.ActiveCfg = Release|Any CPU
		{114FE65C-E75D-4271-9CA7-99E7E1E0C4DA}.Release|x64.Build.0 = Release|Any CPU
		{114FE65C-E75D-4271-9CA7-99E7E1E0C4DA}.Release|x86.ActiveCfg = Release|Any CPU
		{114FE65C-E75D-4271-9CA7-99E7E1E0C4DA}.Release|x86.Build.0 = Release|Any CPU
		{3DD89E1D-E53C-414D-9C4F-73615A9FE0DB}.Debug|Any CPU.ActiveCfg = Debug|Any CPU
		{3DD89E1D-E53C-414D-9C4F-73615A9FE0DB}.Debug|Any CPU.Build.0 = Debug|Any CPU
		{3DD89E1D-E53C-414D-9C4F-73615A9FE0DB}.Debug|x64.ActiveCfg = Debug|Any CPU
		{3DD89E1D-E53C-414D-9C4F-73615A9FE0DB}.Debug|x64.Build.0 = Debug|Any CPU
		{3DD89E1D-E53C-414D-9C4F-73615A9FE0DB}.Debug|x86.ActiveCfg = Debug|Any CPU
		{3DD89E1D-E53C-414D-9C4F-73615A9FE0DB}.Debug|x86.Build.0 = Debug|Any CPU
		{3DD89E1D-E53C-414D-9C4F-73615A9FE0DB}.Release|Any CPU.ActiveCfg = Release|Any CPU
		{3DD89E1D-E53C-414D-9C4F-73615A9FE0DB}.Release|Any CPU.Build.0 = Release|Any CPU
		{3DD89E1D-E53C-414D-9C4F-73615A9FE0DB}.Release|x64.ActiveCfg = Release|Any CPU
		{3DD89E1D-E53C-414D-9C4F-73615A9FE0DB}.Release|x64.Build.0 = Release|Any CPU
		{3DD89E1D-E53C-414D-9C4F-73615A9FE0DB}.Release|x86.ActiveCfg = Release|Any CPU
		{3DD89E1D-E53C-414D-9C4F-73615A9FE0DB}.Release|x86.Build.0 = Release|Any CPU
	EndGlobalSection
	GlobalSection(SolutionProperties) = preSolution
		HideSolutionNode = FALSE
	EndGlobalSection
EndGlobal
